{
  "version": 4,
  "terraform_version": "0.14.6",
  "serial": 714,
  "lineage": "090e3ab7-7694-d174-861c-08710f4dae73",
  "outputs": {
    "elb_dns": {
      "value": "tf-20221105141510004300000001-1912135542.ap-southeast-1.elb.amazonaws.com",
      "type": "string"
    },
    "private_subnets": {
      "value": [
        "subnet-0370e2c001b6739dd",
        "subnet-04a0eda8a9265d7f4",
        "subnet-074827ae03e78f4ce"
      ],
      "type": [
        "tuple",
        [
          "string",
          "string",
          "string"
        ]
      ]
    },
    "public_subnets": {
      "value": [
        "subnet-0e258deed72f1455c",
        "subnet-0b13053cbc7551369",
        "subnet-01ad11e641d22f98f"
      ],
      "type": [
        "tuple",
        [
          "string",
          "string",
          "string"
        ]
      ]
    },
    "vpc_id": {
      "value": "vpc-0104840f41aa5cf67",
      "type": "string"
    }
  },
  "resources": [
    {
      "mode": "data",
      "type": "aws_ami",
      "name": "ubuntu",
      "provider": "provider[\"registry.terraform.io/hashicorp/aws\"]",
      "instances": [
        {
          "schema_version": 0,
          "attributes": {
            "architecture": "x86_64",
            "arn": "arn:aws:ec2:ap-southeast-1::image/ami-0fbb51b4aa5671449",
            "block_device_mappings": [
              {
                "device_name": "/dev/sda1",
                "ebs": {
                  "delete_on_termination": "true",
                  "encrypted": "false",
                  "iops": "0",
                  "snapshot_id": "snap-0a539854c05ee53fb",
                  "throughput": "0",
                  "volume_size": "8",
                  "volume_type": "gp2"
                },
                "no_device": "",
                "virtual_name": ""
              },
              {
                "device_name": "/dev/sdb",
                "ebs": {},
                "no_device": "",
                "virtual_name": "ephemeral0"
              },
              {
                "device_name": "/dev/sdc",
                "ebs": {},
                "no_device": "",
                "virtual_name": "ephemeral1"
              }
            ],
            "boot_mode": "",
            "creation_date": "2022-10-18T22:49:38.000Z",
            "deprecation_time": "2024-10-18T22:49:38.000Z",
            "description": "Canonical, Ubuntu, 20.04 LTS, amd64 focal image build on 2022-10-18",
            "ena_support": true,
            "executable_users": null,
            "filter": [
              {
                "name": "name",
                "values": [
                  "ubuntu/images/hvm-ssd/ubuntu-focal-20.04-amd64-server-*"
                ]
              },
              {
                "name": "virtualization-type",
                "values": [
                  "hvm"
                ]
              }
            ],
            "hypervisor": "xen",
            "id": "ami-0fbb51b4aa5671449",
            "image_id": "ami-0fbb51b4aa5671449",
            "image_location": "amazon/ubuntu/images/hvm-ssd/ubuntu-focal-20.04-amd64-server-20221018",
            "image_owner_alias": "amazon",
            "image_type": "machine",
            "imds_support": "",
            "include_deprecated": false,
            "kernel_id": "",
            "most_recent": true,
            "name": "ubuntu/images/hvm-ssd/ubuntu-focal-20.04-amd64-server-20221018",
            "name_regex": null,
            "owner_id": "099720109477",
            "owners": [
              "099720109477"
            ],
            "platform": "",
            "platform_details": "Linux/UNIX",
            "product_codes": [],
            "public": true,
            "ramdisk_id": "",
            "root_device_name": "/dev/sda1",
            "root_device_type": "ebs",
            "root_snapshot_id": "snap-0a539854c05ee53fb",
            "sriov_net_support": "simple",
            "state": "available",
            "state_reason": {
              "code": "UNSET",
              "message": "UNSET"
            },
            "tags": {},
            "timeouts": null,
            "tpm_support": "",
            "usage_operation": "RunInstances",
            "virtualization_type": "hvm"
          },
          "sensitive_attributes": []
        }
      ]
    },
    {
      "mode": "data",
      "type": "aws_availability_zones",
      "name": "all",
      "provider": "provider[\"registry.terraform.io/hashicorp/aws\"]",
      "instances": [
        {
          "schema_version": 0,
          "attributes": {
            "all_availability_zones": null,
            "exclude_names": null,
            "exclude_zone_ids": null,
            "filter": null,
            "group_names": [
              "ap-southeast-1"
            ],
            "id": "ap-southeast-1",
            "names": [
              "ap-southeast-1a",
              "ap-southeast-1b",
              "ap-southeast-1c"
            ],
            "state": null,
            "timeouts": null,
            "zone_ids": [
              "apse1-az2",
              "apse1-az1",
              "apse1-az3"
            ]
          },
          "sensitive_attributes": []
        }
      ]
    },
    {
      "mode": "data",
      "type": "template_file",
      "name": "startup",
      "provider": "provider[\"registry.terraform.io/hashicorp/template\"]",
      "instances": [
        {
          "schema_version": 0,
          "attributes": {
            "filename": null,
            "id": "3b58f475e68a8a0257b262c98c5f168564eb61a626bea0f8b012cff55a511aa7",
            "rendered": "#!/bin/bash\nsudo apt update\nsudo mkdir /tmp/ssm\ncd /tmp/ssm\nwget https://s3.amazonaws.com/ec2-downloads-windows/SSMAgent/latest/debian_amd64/amazon-ssm-agent.deb\nsudo dpkg -i amazon-ssm-agent.deb\nsudo systemctl enable amazon-ssm-agent\nrm amazon-ssm-agent.deb\nsudo apt install awscli -y\nsudo apt install unzip -y\nsudo apt install nginx -y\nsudo ufw app list\nsudo ufw allow 'Nginx HTTP'\nsudo ufw status\nsudo systemctl start nginx\nsudo systemctl status nginx\nsudo systemctl enable nginx\nsudo cd /var/www/html\nsudo mkdir /tmp/sourcecode\ncd /tmp/sourcecode\naws s3 sync s3://nphc-vinod-s3-bucket .\nsudo unzip source-code\nsudo rm -f /var/www/html/*\nsudo mv index.html index.jss style.css /var/www/html/.\nsudo rm -f source-code",
            "template": "#!/bin/bash\nsudo apt update\nsudo mkdir /tmp/ssm\ncd /tmp/ssm\nwget https://s3.amazonaws.com/ec2-downloads-windows/SSMAgent/latest/debian_amd64/amazon-ssm-agent.deb\nsudo dpkg -i amazon-ssm-agent.deb\nsudo systemctl enable amazon-ssm-agent\nrm amazon-ssm-agent.deb\nsudo apt install awscli -y\nsudo apt install unzip -y\nsudo apt install nginx -y\nsudo ufw app list\nsudo ufw allow 'Nginx HTTP'\nsudo ufw status\nsudo systemctl start nginx\nsudo systemctl status nginx\nsudo systemctl enable nginx\nsudo cd /var/www/html\nsudo mkdir /tmp/sourcecode\ncd /tmp/sourcecode\naws s3 sync s3://nphc-vinod-s3-bucket .\nsudo unzip source-code\nsudo rm -f /var/www/html/*\nsudo mv index.html index.jss style.css /var/www/html/.\nsudo rm -f source-code",
            "vars": null
          },
          "sensitive_attributes": []
        }
      ]
    },
    {
      "mode": "managed",
      "type": "aws_autoscaling_group",
      "name": "aws_asg_configuration",
      "provider": "provider[\"registry.terraform.io/hashicorp/aws\"]",
      "instances": [
        {
          "schema_version": 0,
          "attributes": {
            "arn": "arn:aws:autoscaling:ap-southeast-1:832547021231:autoScalingGroup:4b936672-fab1-4e32-b654-dabe401a6ebb:autoScalingGroupName/terraform-asg-nphc-20221105141713461100000007",
            "availability_zones": [
              "ap-southeast-1a",
              "ap-southeast-1b",
              "ap-southeast-1c"
            ],
            "capacity_rebalance": false,
            "context": "",
            "default_cooldown": 300,
            "default_instance_warmup": 0,
            "desired_capacity": 3,
            "enabled_metrics": [],
            "force_delete": false,
            "force_delete_warm_pool": false,
            "health_check_grace_period": 300,
            "health_check_type": "EC2",
            "id": "terraform-asg-nphc-20221105141713461100000007",
            "initial_lifecycle_hook": [],
            "instance_refresh": [],
            "launch_configuration": "terraform-lc-nphc-20221105141512351600000002",
            "launch_template": [],
            "load_balancers": [],
            "max_instance_lifetime": 0,
            "max_size": 6,
            "metrics_granularity": "1Minute",
            "min_elb_capacity": null,
            "min_size": 3,
            "mixed_instances_policy": [],
            "name": "terraform-asg-nphc-20221105141713461100000007",
            "name_prefix": "terraform-asg-nphc-",
            "placement_group": "",
            "protect_from_scale_in": false,
            "service_linked_role_arn": "arn:aws:iam::832547021231:role/aws-service-role/autoscaling.amazonaws.com/AWSServiceRoleForAutoScaling",
            "suspended_processes": [],
            "tag": [],
            "tags": null,
            "target_group_arns": [
              "arn:aws:elasticloadbalancing:ap-southeast-1:832547021231:targetgroup/tf-20221105141712686300000006/110429a95ae0b3d7"
            ],
            "termination_policies": [],
            "timeouts": null,
            "vpc_zone_identifier": [
              "subnet-0370e2c001b6739dd",
              "subnet-04a0eda8a9265d7f4",
              "subnet-074827ae03e78f4ce"
            ],
            "wait_for_capacity_timeout": "10m",
            "wait_for_elb_capacity": null,
            "warm_pool": []
          },
          "sensitive_attributes": [],
          "private": "eyJlMmJmYjczMC1lY2FhLTExZTYtOGY4OC0zNDM2M2JjN2M0YzAiOnsiZGVsZXRlIjo2MDAwMDAwMDAwMDAsInVwZGF0ZSI6NjAwMDAwMDAwMDAwfX0=",
          "dependencies": [
            "aws_iam_instance_profile.ec2_instance_profile",
            "aws_iam_role.s3_read_role",
            "aws_launch_configuration.aws_lc_conf",
            "aws_security_group.allow_traffic",
            "data.aws_ami.ubuntu",
            "data.template_file.startup",
            "module.nphc_elb.aws_lb.main",
            "module.nphc_elb.aws_lb_target_group.main",
            "module.nphc_vpc.aws_security_group.allow_all_traffic",
            "module.nphc_vpc.aws_subnet.private",
            "module.nphc_vpc.aws_vpc.main",
            "module.nphc_vpc.data.aws_availability_zones.all"
          ],
          "create_before_destroy": true
        }
      ]
    },
    {
      "mode": "managed",
      "type": "aws_iam_instance_profile",
      "name": "ec2_instance_profile",
      "provider": "provider[\"registry.terraform.io/hashicorp/aws\"]",
      "instances": [
        {
          "schema_version": 0,
          "attributes": {
            "arn": "arn:aws:iam::832547021231:instance-profile/ec2_instance_profile",
            "create_date": "2022-11-05T14:15:10Z",
            "id": "ec2_instance_profile",
            "name": "ec2_instance_profile",
            "name_prefix": null,
            "path": "/",
            "role": "s3_read_role",
            "tags": {},
            "tags_all": {},
            "unique_id": "AIPA4DV5LMGXS3GZKJH42"
          },
          "sensitive_attributes": [],
          "private": "bnVsbA==",
          "dependencies": [
            "aws_iam_role.s3_read_role"
          ],
          "create_before_destroy": true
        }
      ]
    },
    {
      "mode": "managed",
      "type": "aws_iam_role",
      "name": "s3_read_role",
      "provider": "provider[\"registry.terraform.io/hashicorp/aws\"]",
      "instances": [
        {
          "schema_version": 0,
          "attributes": {
            "arn": "arn:aws:iam::832547021231:role/s3_read_role",
            "assume_role_policy": "{\"Statement\":[{\"Action\":\"sts:AssumeRole\",\"Effect\":\"Allow\",\"Principal\":{\"Service\":\"ec2.amazonaws.com\"},\"Sid\":\"\"}],\"Version\":\"2012-10-17\"}",
            "create_date": "2022-11-05T14:15:07Z",
            "description": "",
            "force_detach_policies": false,
            "id": "s3_read_role",
            "inline_policy": [],
            "managed_policy_arns": [
              "arn:aws:iam::aws:policy/AmazonS3ReadOnlyAccess",
              "arn:aws:iam::aws:policy/AmazonSSMManagedInstanceCore"
            ],
            "max_session_duration": 3600,
            "name": "s3_read_role",
            "name_prefix": "",
            "path": "/",
            "permissions_boundary": null,
            "tags": {},
            "tags_all": {},
            "unique_id": "AROA4DV5LMGXVFZ4IIY7G"
          },
          "sensitive_attributes": [],
          "private": "bnVsbA==",
          "create_before_destroy": true
        }
      ]
    },
    {
      "mode": "managed",
      "type": "aws_launch_configuration",
      "name": "aws_lc_conf",
      "provider": "provider[\"registry.terraform.io/hashicorp/aws\"]",
      "instances": [
        {
          "schema_version": 0,
          "attributes": {
            "arn": "arn:aws:autoscaling:ap-southeast-1:832547021231:launchConfiguration:4c81826a-2806-450a-85b2-2fea0447150a:launchConfigurationName/terraform-lc-nphc-20221105141512351600000002",
            "associate_public_ip_address": false,
            "ebs_block_device": [],
            "ebs_optimized": false,
            "enable_monitoring": true,
            "ephemeral_block_device": [],
            "iam_instance_profile": "ec2_instance_profile",
            "id": "terraform-lc-nphc-20221105141512351600000002",
            "image_id": "ami-0fbb51b4aa5671449",
            "instance_type": "t2.micro",
            "key_name": "sg_key_pair",
            "metadata_options": [],
            "name": "terraform-lc-nphc-20221105141512351600000002",
            "name_prefix": "terraform-lc-nphc-",
            "placement_tenancy": "",
            "root_block_device": [],
            "security_groups": [
              "sg-0fb364f67b47e8d30"
            ],
            "spot_price": "",
            "user_data": "716da790f98a6a044464b63938e2c226e1f1d253",
            "user_data_base64": null,
            "vpc_classic_link_id": "",
            "vpc_classic_link_security_groups": []
          },
          "sensitive_attributes": [],
          "private": "bnVsbA==",
          "dependencies": [
            "aws_iam_instance_profile.ec2_instance_profile",
            "aws_iam_role.s3_read_role",
            "aws_security_group.allow_traffic",
            "data.aws_ami.ubuntu",
            "data.template_file.startup",
            "module.nphc_vpc.aws_security_group.allow_all_traffic",
            "module.nphc_vpc.aws_vpc.main"
          ],
          "create_before_destroy": true
        }
      ]
    },
    {
      "mode": "managed",
      "type": "aws_s3_object",
      "name": "file_upload",
      "provider": "provider[\"registry.terraform.io/hashicorp/aws\"]",
      "instances": [
        {
          "schema_version": 0,
          "attributes": {
            "acl": "private",
            "bucket": "nphc-vinod-s3-bucket",
            "bucket_key_enabled": false,
            "cache_control": "",
            "content": null,
            "content_base64": null,
            "content_disposition": "",
            "content_encoding": "",
            "content_language": "",
            "content_type": "binary/octet-stream",
            "etag": "9deed3066201f8a69f5098ceec8315c7",
            "force_destroy": false,
            "id": "source-code",
            "key": "source-code",
            "kms_key_id": null,
            "metadata": {},
            "object_lock_legal_hold_status": "",
            "object_lock_mode": "",
            "object_lock_retain_until_date": "",
            "server_side_encryption": "",
            "source": "./source.zip",
            "source_hash": "9deed3066201f8a69f5098ceec8315c7",
            "storage_class": "STANDARD",
            "tags": {},
            "tags_all": {},
            "version_id": "",
            "website_redirect": ""
          },
          "sensitive_attributes": [],
          "private": "bnVsbA==",
          "dependencies": [
            "module.nphc_s3.aws_s3_bucket.bucket"
          ]
        }
      ]
    },
    {
      "mode": "managed",
      "type": "aws_security_group",
      "name": "allow_traffic",
      "provider": "provider[\"registry.terraform.io/hashicorp/aws\"]",
      "instances": [
        {
          "schema_version": 1,
          "attributes": {
            "arn": "arn:aws:ec2:ap-southeast-1:832547021231:security-group/sg-0fb364f67b47e8d30",
            "description": "Allow TLS inbound traffic",
            "egress": [
              {
                "cidr_blocks": [
                  "0.0.0.0/0"
                ],
                "description": "",
                "from_port": 0,
                "ipv6_cidr_blocks": [],
                "prefix_list_ids": [],
                "protocol": "-1",
                "security_groups": [],
                "self": false,
                "to_port": 0
              }
            ],
            "id": "sg-0fb364f67b47e8d30",
            "ingress": [
              {
                "cidr_blocks": [],
                "description": "TLS from VPC",
                "from_port": 80,
                "ipv6_cidr_blocks": [],
                "prefix_list_ids": [],
                "protocol": "tcp",
                "security_groups": [
                  "sg-011bf57debe4827a9"
                ],
                "self": false,
                "to_port": 80
              }
            ],
            "name": "allow_traffic",
            "name_prefix": "",
            "owner_id": "832547021231",
            "revoke_rules_on_delete": false,
            "tags": {
              "Name": "allow_tls"
            },
            "tags_all": {
              "Name": "allow_tls"
            },
            "timeouts": null,
            "vpc_id": "vpc-0104840f41aa5cf67"
          },
          "sensitive_attributes": [],
          "private": "eyJlMmJmYjczMC1lY2FhLTExZTYtOGY4OC0zNDM2M2JjN2M0YzAiOnsiY3JlYXRlIjo2MDAwMDAwMDAwMDAsImRlbGV0ZSI6OTAwMDAwMDAwMDAwfSwic2NoZW1hX3ZlcnNpb24iOiIxIn0=",
          "dependencies": [
            "module.nphc_vpc.aws_security_group.allow_all_traffic",
            "module.nphc_vpc.aws_vpc.main"
          ],
          "create_before_destroy": true
        }
      ]
    },
    {
      "module": "module.nphc_elb",
      "mode": "managed",
      "type": "aws_lb",
      "name": "main",
      "provider": "provider[\"registry.terraform.io/hashicorp/aws\"]",
      "instances": [
        {
          "schema_version": 0,
          "attributes": {
            "access_logs": [
              {
                "bucket": "",
                "enabled": false,
                "prefix": ""
              }
            ],
            "arn": "arn:aws:elasticloadbalancing:ap-southeast-1:832547021231:loadbalancer/app/tf-20221105141510004300000001/ea270b3377eac747",
            "arn_suffix": "app/tf-20221105141510004300000001/ea270b3377eac747",
            "customer_owned_ipv4_pool": "",
            "desync_mitigation_mode": "defensive",
            "dns_name": "tf-20221105141510004300000001-1912135542.ap-southeast-1.elb.amazonaws.com",
            "drop_invalid_header_fields": false,
            "enable_cross_zone_load_balancing": null,
            "enable_deletion_protection": false,
            "enable_http2": true,
            "enable_waf_fail_open": false,
            "id": "arn:aws:elasticloadbalancing:ap-southeast-1:832547021231:loadbalancer/app/tf-20221105141510004300000001/ea270b3377eac747",
            "idle_timeout": 60,
            "internal": false,
            "ip_address_type": "ipv4",
            "load_balancer_type": "application",
            "name": "tf-20221105141510004300000001",
            "name_prefix": "tf-",
            "preserve_host_header": false,
            "security_groups": [
              "sg-011bf57debe4827a9"
            ],
            "subnet_mapping": [
              {
                "allocation_id": "",
                "ipv6_address": "",
                "outpost_id": "",
                "private_ipv4_address": "",
                "subnet_id": "subnet-0370e2c001b6739dd"
              },
              {
                "allocation_id": "",
                "ipv6_address": "",
                "outpost_id": "",
                "private_ipv4_address": "",
                "subnet_id": "subnet-04a0eda8a9265d7f4"
              },
              {
                "allocation_id": "",
                "ipv6_address": "",
                "outpost_id": "",
                "private_ipv4_address": "",
                "subnet_id": "subnet-074827ae03e78f4ce"
              }
            ],
            "subnets": [
              "subnet-0370e2c001b6739dd",
              "subnet-04a0eda8a9265d7f4",
              "subnet-074827ae03e78f4ce"
            ],
            "tags": {},
            "tags_all": {},
            "timeouts": null,
            "vpc_id": "vpc-0104840f41aa5cf67",
            "zone_id": "Z1LMS91P8CMLE5"
          },
          "sensitive_attributes": [],
          "private": "eyJlMmJmYjczMC1lY2FhLTExZTYtOGY4OC0zNDM2M2JjN2M0YzAiOnsiY3JlYXRlIjo2MDAwMDAwMDAwMDAsImRlbGV0ZSI6NjAwMDAwMDAwMDAwLCJ1cGRhdGUiOjYwMDAwMDAwMDAwMH19",
          "dependencies": [
            "module.nphc_vpc.aws_security_group.allow_all_traffic",
            "module.nphc_vpc.aws_subnet.private",
            "module.nphc_vpc.aws_vpc.main",
            "module.nphc_vpc.data.aws_availability_zones.all"
          ],
          "create_before_destroy": true
        }
      ]
    },
    {
      "module": "module.nphc_elb",
      "mode": "managed",
      "type": "aws_lb_listener",
      "name": "listener",
      "provider": "provider[\"registry.terraform.io/hashicorp/aws\"]",
      "instances": [
        {
          "schema_version": 0,
          "attributes": {
            "alpn_policy": null,
            "arn": "arn:aws:elasticloadbalancing:ap-southeast-1:832547021231:listener/app/tf-20221105141510004300000001/ea270b3377eac747/d58d3e2c88d3371f",
            "certificate_arn": "",
            "default_action": [
              {
                "authenticate_cognito": [],
                "authenticate_oidc": [],
                "fixed_response": [],
                "forward": [],
                "order": 1,
                "redirect": [],
                "target_group_arn": "arn:aws:elasticloadbalancing:ap-southeast-1:832547021231:targetgroup/tf-20221105141712686300000006/110429a95ae0b3d7",
                "type": "forward"
              }
            ],
            "id": "arn:aws:elasticloadbalancing:ap-southeast-1:832547021231:listener/app/tf-20221105141510004300000001/ea270b3377eac747/d58d3e2c88d3371f",
            "load_balancer_arn": "arn:aws:elasticloadbalancing:ap-southeast-1:832547021231:loadbalancer/app/tf-20221105141510004300000001/ea270b3377eac747",
            "port": 80,
            "protocol": "HTTP",
            "ssl_policy": "",
            "tags": {},
            "tags_all": {},
            "timeouts": null
          },
          "sensitive_attributes": [],
          "private": "eyJlMmJmYjczMC1lY2FhLTExZTYtOGY4OC0zNDM2M2JjN2M0YzAiOnsicmVhZCI6NjAwMDAwMDAwMDAwfX0=",
          "dependencies": [
            "module.nphc_elb.aws_lb.main",
            "module.nphc_elb.aws_lb_target_group.main",
            "module.nphc_vpc.aws_security_group.allow_all_traffic",
            "module.nphc_vpc.aws_subnet.private",
            "module.nphc_vpc.aws_vpc.main",
            "module.nphc_vpc.data.aws_availability_zones.all"
          ],
          "create_before_destroy": true
        }
      ]
    },
    {
      "module": "module.nphc_elb",
      "mode": "managed",
      "type": "aws_lb_target_group",
      "name": "main",
      "provider": "provider[\"registry.terraform.io/hashicorp/aws\"]",
      "instances": [
        {
          "schema_version": 0,
          "attributes": {
            "arn": "arn:aws:elasticloadbalancing:ap-southeast-1:832547021231:targetgroup/tf-20221105141712686300000006/110429a95ae0b3d7",
            "arn_suffix": "targetgroup/tf-20221105141712686300000006/110429a95ae0b3d7",
            "connection_termination": false,
            "deregistration_delay": "300",
            "health_check": [
              {
                "enabled": true,
                "healthy_threshold": 2,
                "interval": 10,
                "matcher": "200",
                "path": "/",
                "port": "80",
                "protocol": "HTTP",
                "timeout": 6,
                "unhealthy_threshold": 2
              }
            ],
            "id": "arn:aws:elasticloadbalancing:ap-southeast-1:832547021231:targetgroup/tf-20221105141712686300000006/110429a95ae0b3d7",
            "ip_address_type": "ipv4",
            "lambda_multi_value_headers_enabled": false,
            "load_balancing_algorithm_type": "round_robin",
            "name": "tf-20221105141712686300000006",
            "name_prefix": "tf-",
            "port": 80,
            "preserve_client_ip": null,
            "protocol": "HTTP",
            "protocol_version": "HTTP1",
            "proxy_protocol_v2": false,
            "slow_start": 0,
            "stickiness": [
              {
                "cookie_duration": 86400,
                "cookie_name": "",
                "enabled": false,
                "type": "lb_cookie"
              }
            ],
            "tags": {},
            "tags_all": {},
            "target_failover": [
              {
                "on_deregistration": null,
                "on_unhealthy": null
              }
            ],
            "target_type": "instance",
            "vpc_id": "vpc-0104840f41aa5cf67"
          },
          "sensitive_attributes": [],
          "private": "bnVsbA==",
          "dependencies": [
            "module.nphc_elb.aws_lb.main",
            "module.nphc_vpc.aws_security_group.allow_all_traffic",
            "module.nphc_vpc.aws_subnet.private",
            "module.nphc_vpc.aws_vpc.main",
            "module.nphc_vpc.data.aws_availability_zones.all"
          ],
          "create_before_destroy": true
        }
      ]
    },
    {
      "module": "module.nphc_s3",
      "mode": "managed",
      "type": "aws_s3_bucket",
      "name": "bucket",
      "provider": "provider[\"registry.terraform.io/hashicorp/aws\"]",
      "instances": [
        {
          "schema_version": 0,
          "attributes": {
            "acceleration_status": "Suspended",
            "acl": "private",
            "arn": "arn:aws:s3:::nphc-vinod-s3-bucket",
            "bucket": "nphc-vinod-s3-bucket",
            "bucket_domain_name": "nphc-vinod-s3-bucket.s3.amazonaws.com",
            "bucket_prefix": null,
            "bucket_regional_domain_name": "nphc-vinod-s3-bucket.s3.ap-southeast-1.amazonaws.com",
            "cors_rule": [],
            "force_destroy": false,
            "grant": [
              {
                "id": "9f722610ff020b73dba0519fb9d23b9281ed75a893a5dce7172f46d218019caa",
                "permissions": [
                  "FULL_CONTROL"
                ],
                "type": "CanonicalUser",
                "uri": ""
              }
            ],
            "hosted_zone_id": "Z3O0J2DXBE1FTB",
            "id": "nphc-vinod-s3-bucket",
            "lifecycle_rule": [],
            "logging": [],
            "object_lock_configuration": [],
            "object_lock_enabled": false,
            "policy": "",
            "region": "ap-southeast-1",
            "replication_configuration": [],
            "request_payer": "BucketOwner",
            "server_side_encryption_configuration": [],
            "tags": {},
            "tags_all": {},
            "timeouts": null,
            "versioning": [
              {
                "enabled": false,
                "mfa_delete": false
              }
            ],
            "website": [],
            "website_domain": null,
            "website_endpoint": null
          },
          "sensitive_attributes": [],
          "private": "eyJlMmJmYjczMC1lY2FhLTExZTYtOGY4OC0zNDM2M2JjN2M0YzAiOnsiY3JlYXRlIjoxMjAwMDAwMDAwMDAwLCJkZWxldGUiOjM2MDAwMDAwMDAwMDAsInJlYWQiOjEyMDAwMDAwMDAwMDAsInVwZGF0ZSI6MTIwMDAwMDAwMDAwMH19"
        }
      ]
    },
    {
      "module": "module.nphc_vpc",
      "mode": "data",
      "type": "aws_availability_zones",
      "name": "all",
      "provider": "provider[\"registry.terraform.io/hashicorp/aws\"]",
      "instances": [
        {
          "schema_version": 0,
          "attributes": {
            "all_availability_zones": null,
            "exclude_names": null,
            "exclude_zone_ids": null,
            "filter": null,
            "group_names": [
              "ap-southeast-1"
            ],
            "id": "ap-southeast-1",
            "names": [
              "ap-southeast-1a",
              "ap-southeast-1b",
              "ap-southeast-1c"
            ],
            "state": null,
            "timeouts": null,
            "zone_ids": [
              "apse1-az2",
              "apse1-az1",
              "apse1-az3"
            ]
          },
          "sensitive_attributes": []
        }
      ]
    },
    {
      "module": "module.nphc_vpc",
      "mode": "managed",
      "type": "aws_eip",
      "name": "nat_eip",
      "provider": "provider[\"registry.terraform.io/hashicorp/aws\"]",
      "instances": [
        {
          "index_key": 0,
          "schema_version": 0,
          "attributes": {
            "address": null,
            "allocation_id": "eipalloc-00f7e2367df356d4b",
            "associate_with_private_ip": null,
            "association_id": "eipassoc-054030c3138c733b7",
            "carrier_ip": "",
            "customer_owned_ip": "",
            "customer_owned_ipv4_pool": "",
            "domain": "vpc",
            "id": "eipalloc-00f7e2367df356d4b",
            "instance": "",
            "network_border_group": "ap-southeast-1",
            "network_interface": "eni-0d298018d1fe755a6",
            "private_dns": "ip-10-0-53-110.ap-southeast-1.compute.internal",
            "private_ip": "10.0.53.110",
            "public_dns": "ec2-13-215-117-103.ap-southeast-1.compute.amazonaws.com",
            "public_ip": "13.215.117.103",
            "public_ipv4_pool": "amazon",
            "tags": {
              "Name": "vpc_eip_0",
              "managed_by": "terraform",
              "service": "networking"
            },
            "tags_all": {
              "Name": "vpc_eip_0",
              "managed_by": "terraform",
              "service": "networking"
            },
            "timeouts": null,
            "vpc": true
          },
          "sensitive_attributes": [],
          "private": "eyJlMmJmYjczMC1lY2FhLTExZTYtOGY4OC0zNDM2M2JjN2M0YzAiOnsiZGVsZXRlIjoxODAwMDAwMDAwMDAsInJlYWQiOjkwMDAwMDAwMDAwMCwidXBkYXRlIjozMDAwMDAwMDAwMDB9fQ==",
          "dependencies": [
            "module.nphc_vpc.aws_internet_gateway.gateway",
            "module.nphc_vpc.aws_vpc.main",
            "module.nphc_vpc.data.aws_availability_zones.all"
          ]
        },
        {
          "index_key": 1,
          "schema_version": 0,
          "attributes": {
            "address": null,
            "allocation_id": "eipalloc-06920971206b350ba",
            "associate_with_private_ip": null,
            "association_id": "eipassoc-04beecb7d2b11affa",
            "carrier_ip": "",
            "customer_owned_ip": "",
            "customer_owned_ipv4_pool": "",
            "domain": "vpc",
            "id": "eipalloc-06920971206b350ba",
            "instance": "",
            "network_border_group": "ap-southeast-1",
            "network_interface": "eni-036a1238ae70d02d1",
            "private_dns": "ip-10-0-77-146.ap-southeast-1.compute.internal",
            "private_ip": "10.0.77.146",
            "public_dns": "ec2-3-0-242-67.ap-southeast-1.compute.amazonaws.com",
            "public_ip": "3.0.242.67",
            "public_ipv4_pool": "amazon",
            "tags": {
              "Name": "vpc_eip_1",
              "managed_by": "terraform",
              "service": "networking"
            },
            "tags_all": {
              "Name": "vpc_eip_1",
              "managed_by": "terraform",
              "service": "networking"
            },
            "timeouts": null,
            "vpc": true
          },
          "sensitive_attributes": [],
          "private": "eyJlMmJmYjczMC1lY2FhLTExZTYtOGY4OC0zNDM2M2JjN2M0YzAiOnsiZGVsZXRlIjoxODAwMDAwMDAwMDAsInJlYWQiOjkwMDAwMDAwMDAwMCwidXBkYXRlIjozMDAwMDAwMDAwMDB9fQ==",
          "dependencies": [
            "module.nphc_vpc.aws_internet_gateway.gateway",
            "module.nphc_vpc.aws_vpc.main",
            "module.nphc_vpc.data.aws_availability_zones.all"
          ]
        },
        {
          "index_key": 2,
          "schema_version": 0,
          "attributes": {
            "address": null,
            "allocation_id": "eipalloc-0d64f6c65d7f3dd0c",
            "associate_with_private_ip": null,
            "association_id": "eipassoc-0dffde3dc782f1c3e",
            "carrier_ip": "",
            "customer_owned_ip": "",
            "customer_owned_ipv4_pool": "",
            "domain": "vpc",
            "id": "eipalloc-0d64f6c65d7f3dd0c",
            "instance": "",
            "network_border_group": "ap-southeast-1",
            "network_interface": "eni-0e68eafdbef5a79d1",
            "private_dns": "ip-10-0-82-150.ap-southeast-1.compute.internal",
            "private_ip": "10.0.82.150",
            "public_dns": "ec2-13-215-62-134.ap-southeast-1.compute.amazonaws.com",
            "public_ip": "13.215.62.134",
            "public_ipv4_pool": "amazon",
            "tags": {
              "Name": "vpc_eip_2",
              "managed_by": "terraform",
              "service": "networking"
            },
            "tags_all": {
              "Name": "vpc_eip_2",
              "managed_by": "terraform",
              "service": "networking"
            },
            "timeouts": null,
            "vpc": true
          },
          "sensitive_attributes": [],
          "private": "eyJlMmJmYjczMC1lY2FhLTExZTYtOGY4OC0zNDM2M2JjN2M0YzAiOnsiZGVsZXRlIjoxODAwMDAwMDAwMDAsInJlYWQiOjkwMDAwMDAwMDAwMCwidXBkYXRlIjozMDAwMDAwMDAwMDB9fQ==",
          "dependencies": [
            "module.nphc_vpc.aws_internet_gateway.gateway",
            "module.nphc_vpc.aws_vpc.main",
            "module.nphc_vpc.data.aws_availability_zones.all"
          ]
        }
      ]
    },
    {
      "module": "module.nphc_vpc",
      "mode": "managed",
      "type": "aws_internet_gateway",
      "name": "gateway",
      "provider": "provider[\"registry.terraform.io/hashicorp/aws\"]",
      "instances": [
        {
          "schema_version": 0,
          "attributes": {
            "arn": "arn:aws:ec2:ap-southeast-1:832547021231:internet-gateway/igw-00d6a87c3d185d353",
            "id": "igw-00d6a87c3d185d353",
            "owner_id": "832547021231",
            "tags": {
              "Name": "vpc_ig",
              "managed_by": "terraform",
              "service": "networking"
            },
            "tags_all": {
              "Name": "vpc_ig",
              "managed_by": "terraform",
              "service": "networking"
            },
            "timeouts": null,
            "vpc_id": "vpc-0104840f41aa5cf67"
          },
          "sensitive_attributes": [],
          "private": "eyJlMmJmYjczMC1lY2FhLTExZTYtOGY4OC0zNDM2M2JjN2M0YzAiOnsiY3JlYXRlIjoxMjAwMDAwMDAwMDAwLCJkZWxldGUiOjEyMDAwMDAwMDAwMDAsInVwZGF0ZSI6MTIwMDAwMDAwMDAwMH19",
          "dependencies": [
            "module.nphc_vpc.aws_vpc.main"
          ]
        }
      ]
    },
    {
      "module": "module.nphc_vpc",
      "mode": "managed",
      "type": "aws_nat_gateway",
      "name": "nat",
      "provider": "provider[\"registry.terraform.io/hashicorp/aws\"]",
      "instances": [
        {
          "index_key": 0,
          "schema_version": 0,
          "attributes": {
            "allocation_id": "eipalloc-00f7e2367df356d4b",
            "connectivity_type": "public",
            "id": "nat-0158e0e64568b8d87",
            "network_interface_id": "eni-0d298018d1fe755a6",
            "private_ip": "10.0.53.110",
            "public_ip": "13.215.117.103",
            "subnet_id": "subnet-0e258deed72f1455c",
            "tags": {
              "Name": "vpc_nat_0",
              "managed_by": "terraform",
              "service": "networking"
            },
            "tags_all": {
              "Name": "vpc_nat_0",
              "managed_by": "terraform",
              "service": "networking"
            }
          },
          "sensitive_attributes": [],
          "private": "bnVsbA==",
          "dependencies": [
            "module.nphc_vpc.aws_eip.nat_eip",
            "module.nphc_vpc.aws_internet_gateway.gateway",
            "module.nphc_vpc.aws_subnet.public",
            "module.nphc_vpc.aws_vpc.main",
            "module.nphc_vpc.data.aws_availability_zones.all"
          ]
        },
        {
          "index_key": 1,
          "schema_version": 0,
          "attributes": {
            "allocation_id": "eipalloc-06920971206b350ba",
            "connectivity_type": "public",
            "id": "nat-0054f90c1d1407bdb",
            "network_interface_id": "eni-036a1238ae70d02d1",
            "private_ip": "10.0.77.146",
            "public_ip": "3.0.242.67",
            "subnet_id": "subnet-0b13053cbc7551369",
            "tags": {
              "Name": "vpc_nat_1",
              "managed_by": "terraform",
              "service": "networking"
            },
            "tags_all": {
              "Name": "vpc_nat_1",
              "managed_by": "terraform",
              "service": "networking"
            }
          },
          "sensitive_attributes": [],
          "private": "bnVsbA==",
          "dependencies": [
            "module.nphc_vpc.aws_eip.nat_eip",
            "module.nphc_vpc.aws_internet_gateway.gateway",
            "module.nphc_vpc.aws_subnet.public",
            "module.nphc_vpc.aws_vpc.main",
            "module.nphc_vpc.data.aws_availability_zones.all"
          ]
        },
        {
          "index_key": 2,
          "schema_version": 0,
          "attributes": {
            "allocation_id": "eipalloc-0d64f6c65d7f3dd0c",
            "connectivity_type": "public",
            "id": "nat-0fe2745dcf003a9e9",
            "network_interface_id": "eni-0e68eafdbef5a79d1",
            "private_ip": "10.0.82.150",
            "public_ip": "13.215.62.134",
            "subnet_id": "subnet-01ad11e641d22f98f",
            "tags": {
              "Name": "vpc_nat_2",
              "managed_by": "terraform",
              "service": "networking"
            },
            "tags_all": {
              "Name": "vpc_nat_2",
              "managed_by": "terraform",
              "service": "networking"
            }
          },
          "sensitive_attributes": [],
          "private": "bnVsbA==",
          "dependencies": [
            "module.nphc_vpc.aws_eip.nat_eip",
            "module.nphc_vpc.aws_internet_gateway.gateway",
            "module.nphc_vpc.aws_subnet.public",
            "module.nphc_vpc.aws_vpc.main",
            "module.nphc_vpc.data.aws_availability_zones.all"
          ]
        }
      ]
    },
    {
      "module": "module.nphc_vpc",
      "mode": "managed",
      "type": "aws_route",
      "name": "private_to_nat",
      "provider": "provider[\"registry.terraform.io/hashicorp/aws\"]",
      "instances": [
        {
          "index_key": 0,
          "schema_version": 0,
          "attributes": {
            "carrier_gateway_id": "",
            "core_network_arn": "",
            "destination_cidr_block": "0.0.0.0/0",
            "destination_ipv6_cidr_block": "",
            "destination_prefix_list_id": "",
            "egress_only_gateway_id": "",
            "gateway_id": "",
            "id": "r-rtb-0bd313a8dfc6b27b91080289494",
            "instance_id": "",
            "instance_owner_id": "",
            "local_gateway_id": "",
            "nat_gateway_id": "nat-0158e0e64568b8d87",
            "network_interface_id": "",
            "origin": "CreateRoute",
            "route_table_id": "rtb-0bd313a8dfc6b27b9",
            "state": "active",
            "timeouts": null,
            "transit_gateway_id": "",
            "vpc_endpoint_id": "",
            "vpc_peering_connection_id": ""
          },
          "sensitive_attributes": [],
          "private": "eyJlMmJmYjczMC1lY2FhLTExZTYtOGY4OC0zNDM2M2JjN2M0YzAiOnsiY3JlYXRlIjozMDAwMDAwMDAwMDAsImRlbGV0ZSI6MzAwMDAwMDAwMDAwLCJ1cGRhdGUiOjEyMDAwMDAwMDAwMH19",
          "dependencies": [
            "module.nphc_vpc.aws_eip.nat_eip",
            "module.nphc_vpc.aws_internet_gateway.gateway",
            "module.nphc_vpc.aws_nat_gateway.nat",
            "module.nphc_vpc.aws_route_table.private",
            "module.nphc_vpc.aws_subnet.public",
            "module.nphc_vpc.aws_vpc.main",
            "module.nphc_vpc.data.aws_availability_zones.all"
          ]
        },
        {
          "index_key": 1,
          "schema_version": 0,
          "attributes": {
            "carrier_gateway_id": "",
            "core_network_arn": "",
            "destination_cidr_block": "0.0.0.0/0",
            "destination_ipv6_cidr_block": "",
            "destination_prefix_list_id": "",
            "egress_only_gateway_id": "",
            "gateway_id": "",
            "id": "r-rtb-08feadb77120f16b61080289494",
            "instance_id": "",
            "instance_owner_id": "",
            "local_gateway_id": "",
            "nat_gateway_id": "nat-0054f90c1d1407bdb",
            "network_interface_id": "",
            "origin": "CreateRoute",
            "route_table_id": "rtb-08feadb77120f16b6",
            "state": "active",
            "timeouts": null,
            "transit_gateway_id": "",
            "vpc_endpoint_id": "",
            "vpc_peering_connection_id": ""
          },
          "sensitive_attributes": [],
          "private": "eyJlMmJmYjczMC1lY2FhLTExZTYtOGY4OC0zNDM2M2JjN2M0YzAiOnsiY3JlYXRlIjozMDAwMDAwMDAwMDAsImRlbGV0ZSI6MzAwMDAwMDAwMDAwLCJ1cGRhdGUiOjEyMDAwMDAwMDAwMH19",
          "dependencies": [
            "module.nphc_vpc.aws_eip.nat_eip",
            "module.nphc_vpc.aws_internet_gateway.gateway",
            "module.nphc_vpc.aws_nat_gateway.nat",
            "module.nphc_vpc.aws_route_table.private",
            "module.nphc_vpc.aws_subnet.public",
            "module.nphc_vpc.aws_vpc.main",
            "module.nphc_vpc.data.aws_availability_zones.all"
          ]
        },
        {
          "index_key": 2,
          "schema_version": 0,
          "attributes": {
            "carrier_gateway_id": "",
            "core_network_arn": "",
            "destination_cidr_block": "0.0.0.0/0",
            "destination_ipv6_cidr_block": "",
            "destination_prefix_list_id": "",
            "egress_only_gateway_id": "",
            "gateway_id": "",
            "id": "r-rtb-00478bf276c0f2c421080289494",
            "instance_id": "",
            "instance_owner_id": "",
            "local_gateway_id": "",
            "nat_gateway_id": "nat-0fe2745dcf003a9e9",
            "network_interface_id": "",
            "origin": "CreateRoute",
            "route_table_id": "rtb-00478bf276c0f2c42",
            "state": "active",
            "timeouts": null,
            "transit_gateway_id": "",
            "vpc_endpoint_id": "",
            "vpc_peering_connection_id": ""
          },
          "sensitive_attributes": [],
          "private": "eyJlMmJmYjczMC1lY2FhLTExZTYtOGY4OC0zNDM2M2JjN2M0YzAiOnsiY3JlYXRlIjozMDAwMDAwMDAwMDAsImRlbGV0ZSI6MzAwMDAwMDAwMDAwLCJ1cGRhdGUiOjEyMDAwMDAwMDAwMH19",
          "dependencies": [
            "module.nphc_vpc.aws_eip.nat_eip",
            "module.nphc_vpc.aws_internet_gateway.gateway",
            "module.nphc_vpc.aws_nat_gateway.nat",
            "module.nphc_vpc.aws_route_table.private",
            "module.nphc_vpc.aws_subnet.public",
            "module.nphc_vpc.aws_vpc.main",
            "module.nphc_vpc.data.aws_availability_zones.all"
          ]
        }
      ]
    },
    {
      "module": "module.nphc_vpc",
      "mode": "managed",
      "type": "aws_route",
      "name": "public_to_internet",
      "provider": "provider[\"registry.terraform.io/hashicorp/aws\"]",
      "instances": [
        {
          "schema_version": 0,
          "attributes": {
            "carrier_gateway_id": "",
            "core_network_arn": "",
            "destination_cidr_block": "0.0.0.0/0",
            "destination_ipv6_cidr_block": "",
            "destination_prefix_list_id": "",
            "egress_only_gateway_id": "",
            "gateway_id": "igw-00d6a87c3d185d353",
            "id": "r-rtb-0909ac770f55111a31080289494",
            "instance_id": "",
            "instance_owner_id": "",
            "local_gateway_id": "",
            "nat_gateway_id": "",
            "network_interface_id": "",
            "origin": "CreateRoute",
            "route_table_id": "rtb-0909ac770f55111a3",
            "state": "active",
            "timeouts": null,
            "transit_gateway_id": "",
            "vpc_endpoint_id": "",
            "vpc_peering_connection_id": ""
          },
          "sensitive_attributes": [],
          "private": "eyJlMmJmYjczMC1lY2FhLTExZTYtOGY4OC0zNDM2M2JjN2M0YzAiOnsiY3JlYXRlIjozMDAwMDAwMDAwMDAsImRlbGV0ZSI6MzAwMDAwMDAwMDAwLCJ1cGRhdGUiOjEyMDAwMDAwMDAwMH19",
          "dependencies": [
            "module.nphc_vpc.aws_internet_gateway.gateway",
            "module.nphc_vpc.aws_route_table.public",
            "module.nphc_vpc.aws_vpc.main"
          ]
        }
      ]
    },
    {
      "module": "module.nphc_vpc",
      "mode": "managed",
      "type": "aws_route_table",
      "name": "private",
      "provider": "provider[\"registry.terraform.io/hashicorp/aws\"]",
      "instances": [
        {
          "index_key": 0,
          "schema_version": 0,
          "attributes": {
            "arn": "arn:aws:ec2:ap-southeast-1:832547021231:route-table/rtb-0bd313a8dfc6b27b9",
            "id": "rtb-0bd313a8dfc6b27b9",
            "owner_id": "832547021231",
            "propagating_vgws": [],
            "route": [
              {
                "carrier_gateway_id": "",
                "cidr_block": "0.0.0.0/0",
                "core_network_arn": "",
                "destination_prefix_list_id": "",
                "egress_only_gateway_id": "",
                "gateway_id": "",
                "instance_id": "",
                "ipv6_cidr_block": "",
                "local_gateway_id": "",
                "nat_gateway_id": "nat-0158e0e64568b8d87",
                "network_interface_id": "",
                "transit_gateway_id": "",
                "vpc_endpoint_id": "",
                "vpc_peering_connection_id": ""
              }
            ],
            "tags": {
              "Name": "vpc_route_table_0",
              "managed_by": "terraform",
              "service": "networking"
            },
            "tags_all": {
              "Name": "vpc_route_table_0",
              "managed_by": "terraform",
              "service": "networking"
            },
            "timeouts": null,
            "vpc_id": "vpc-0104840f41aa5cf67"
          },
          "sensitive_attributes": [],
          "private": "eyJlMmJmYjczMC1lY2FhLTExZTYtOGY4OC0zNDM2M2JjN2M0YzAiOnsiY3JlYXRlIjozMDAwMDAwMDAwMDAsImRlbGV0ZSI6MzAwMDAwMDAwMDAwLCJ1cGRhdGUiOjEyMDAwMDAwMDAwMH19",
          "dependencies": [
            "module.nphc_vpc.aws_vpc.main",
            "module.nphc_vpc.data.aws_availability_zones.all"
          ]
        },
        {
          "index_key": 1,
          "schema_version": 0,
          "attributes": {
            "arn": "arn:aws:ec2:ap-southeast-1:832547021231:route-table/rtb-08feadb77120f16b6",
            "id": "rtb-08feadb77120f16b6",
            "owner_id": "832547021231",
            "propagating_vgws": [],
            "route": [
              {
                "carrier_gateway_id": "",
                "cidr_block": "0.0.0.0/0",
                "core_network_arn": "",
                "destination_prefix_list_id": "",
                "egress_only_gateway_id": "",
                "gateway_id": "",
                "instance_id": "",
                "ipv6_cidr_block": "",
                "local_gateway_id": "",
                "nat_gateway_id": "nat-0054f90c1d1407bdb",
                "network_interface_id": "",
                "transit_gateway_id": "",
                "vpc_endpoint_id": "",
                "vpc_peering_connection_id": ""
              }
            ],
            "tags": {
              "Name": "vpc_route_table_1",
              "managed_by": "terraform",
              "service": "networking"
            },
            "tags_all": {
              "Name": "vpc_route_table_1",
              "managed_by": "terraform",
              "service": "networking"
            },
            "timeouts": null,
            "vpc_id": "vpc-0104840f41aa5cf67"
          },
          "sensitive_attributes": [],
          "private": "eyJlMmJmYjczMC1lY2FhLTExZTYtOGY4OC0zNDM2M2JjN2M0YzAiOnsiY3JlYXRlIjozMDAwMDAwMDAwMDAsImRlbGV0ZSI6MzAwMDAwMDAwMDAwLCJ1cGRhdGUiOjEyMDAwMDAwMDAwMH19",
          "dependencies": [
            "module.nphc_vpc.aws_vpc.main",
            "module.nphc_vpc.data.aws_availability_zones.all"
          ]
        },
        {
          "index_key": 2,
          "schema_version": 0,
          "attributes": {
            "arn": "arn:aws:ec2:ap-southeast-1:832547021231:route-table/rtb-00478bf276c0f2c42",
            "id": "rtb-00478bf276c0f2c42",
            "owner_id": "832547021231",
            "propagating_vgws": [],
            "route": [
              {
                "carrier_gateway_id": "",
                "cidr_block": "0.0.0.0/0",
                "core_network_arn": "",
                "destination_prefix_list_id": "",
                "egress_only_gateway_id": "",
                "gateway_id": "",
                "instance_id": "",
                "ipv6_cidr_block": "",
                "local_gateway_id": "",
                "nat_gateway_id": "nat-0fe2745dcf003a9e9",
                "network_interface_id": "",
                "transit_gateway_id": "",
                "vpc_endpoint_id": "",
                "vpc_peering_connection_id": ""
              }
            ],
            "tags": {
              "Name": "vpc_route_table_2",
              "managed_by": "terraform",
              "service": "networking"
            },
            "tags_all": {
              "Name": "vpc_route_table_2",
              "managed_by": "terraform",
              "service": "networking"
            },
            "timeouts": null,
            "vpc_id": "vpc-0104840f41aa5cf67"
          },
          "sensitive_attributes": [],
          "private": "eyJlMmJmYjczMC1lY2FhLTExZTYtOGY4OC0zNDM2M2JjN2M0YzAiOnsiY3JlYXRlIjozMDAwMDAwMDAwMDAsImRlbGV0ZSI6MzAwMDAwMDAwMDAwLCJ1cGRhdGUiOjEyMDAwMDAwMDAwMH19",
          "dependencies": [
            "module.nphc_vpc.aws_vpc.main",
            "module.nphc_vpc.data.aws_availability_zones.all"
          ]
        }
      ]
    },
    {
      "module": "module.nphc_vpc",
      "mode": "managed",
      "type": "aws_route_table",
      "name": "public",
      "provider": "provider[\"registry.terraform.io/hashicorp/aws\"]",
      "instances": [
        {
          "schema_version": 0,
          "attributes": {
            "arn": "arn:aws:ec2:ap-southeast-1:832547021231:route-table/rtb-0909ac770f55111a3",
            "id": "rtb-0909ac770f55111a3",
            "owner_id": "832547021231",
            "propagating_vgws": [],
            "route": [
              {
                "carrier_gateway_id": "",
                "cidr_block": "0.0.0.0/0",
                "core_network_arn": "",
                "destination_prefix_list_id": "",
                "egress_only_gateway_id": "",
                "gateway_id": "igw-00d6a87c3d185d353",
                "instance_id": "",
                "ipv6_cidr_block": "",
                "local_gateway_id": "",
                "nat_gateway_id": "",
                "network_interface_id": "",
                "transit_gateway_id": "",
                "vpc_endpoint_id": "",
                "vpc_peering_connection_id": ""
              }
            ],
            "tags": {
              "Name": "vpc_route_table",
              "managed_by": "terraform",
              "service": "networking"
            },
            "tags_all": {
              "Name": "vpc_route_table",
              "managed_by": "terraform",
              "service": "networking"
            },
            "timeouts": null,
            "vpc_id": "vpc-0104840f41aa5cf67"
          },
          "sensitive_attributes": [],
          "private": "eyJlMmJmYjczMC1lY2FhLTExZTYtOGY4OC0zNDM2M2JjN2M0YzAiOnsiY3JlYXRlIjozMDAwMDAwMDAwMDAsImRlbGV0ZSI6MzAwMDAwMDAwMDAwLCJ1cGRhdGUiOjEyMDAwMDAwMDAwMH19",
          "dependencies": [
            "module.nphc_vpc.aws_vpc.main"
          ]
        }
      ]
    },
    {
      "module": "module.nphc_vpc",
      "mode": "managed",
      "type": "aws_route_table_association",
      "name": "private",
      "provider": "provider[\"registry.terraform.io/hashicorp/aws\"]",
      "instances": [
        {
          "index_key": 0,
          "schema_version": 0,
          "attributes": {
            "gateway_id": "",
            "id": "rtbassoc-0dbf2444540093551",
            "route_table_id": "rtb-0bd313a8dfc6b27b9",
            "subnet_id": "subnet-0370e2c001b6739dd"
          },
          "sensitive_attributes": [],
          "private": "bnVsbA==",
          "dependencies": [
            "module.nphc_vpc.aws_route_table.private",
            "module.nphc_vpc.aws_subnet.private",
            "module.nphc_vpc.aws_vpc.main",
            "module.nphc_vpc.data.aws_availability_zones.all"
          ]
        },
        {
          "index_key": 1,
          "schema_version": 0,
          "attributes": {
            "gateway_id": "",
            "id": "rtbassoc-02d80e631d661bca0",
            "route_table_id": "rtb-08feadb77120f16b6",
            "subnet_id": "subnet-04a0eda8a9265d7f4"
          },
          "sensitive_attributes": [],
          "private": "bnVsbA==",
          "dependencies": [
            "module.nphc_vpc.aws_route_table.private",
            "module.nphc_vpc.aws_subnet.private",
            "module.nphc_vpc.aws_vpc.main",
            "module.nphc_vpc.data.aws_availability_zones.all"
          ]
        },
        {
          "index_key": 2,
          "schema_version": 0,
          "attributes": {
            "gateway_id": "",
            "id": "rtbassoc-07a4dd6a0c54430bf",
            "route_table_id": "rtb-00478bf276c0f2c42",
            "subnet_id": "subnet-074827ae03e78f4ce"
          },
          "sensitive_attributes": [],
          "private": "bnVsbA==",
          "dependencies": [
            "module.nphc_vpc.aws_route_table.private",
            "module.nphc_vpc.aws_subnet.private",
            "module.nphc_vpc.aws_vpc.main",
            "module.nphc_vpc.data.aws_availability_zones.all"
          ]
        }
      ]
    },
    {
      "module": "module.nphc_vpc",
      "mode": "managed",
      "type": "aws_route_table_association",
      "name": "public",
      "provider": "provider[\"registry.terraform.io/hashicorp/aws\"]",
      "instances": [
        {
          "index_key": 0,
          "schema_version": 0,
          "attributes": {
            "gateway_id": "",
            "id": "rtbassoc-0b2488dafd5b82a88",
            "route_table_id": "rtb-0909ac770f55111a3",
            "subnet_id": "subnet-0e258deed72f1455c"
          },
          "sensitive_attributes": [],
          "private": "bnVsbA==",
          "dependencies": [
            "module.nphc_vpc.aws_route_table.public",
            "module.nphc_vpc.aws_subnet.public",
            "module.nphc_vpc.aws_vpc.main",
            "module.nphc_vpc.data.aws_availability_zones.all"
          ]
        },
        {
          "index_key": 1,
          "schema_version": 0,
          "attributes": {
            "gateway_id": "",
            "id": "rtbassoc-0869529200fbfbd8d",
            "route_table_id": "rtb-0909ac770f55111a3",
            "subnet_id": "subnet-0b13053cbc7551369"
          },
          "sensitive_attributes": [],
          "private": "bnVsbA==",
          "dependencies": [
            "module.nphc_vpc.aws_route_table.public",
            "module.nphc_vpc.aws_subnet.public",
            "module.nphc_vpc.aws_vpc.main",
            "module.nphc_vpc.data.aws_availability_zones.all"
          ]
        },
        {
          "index_key": 2,
          "schema_version": 0,
          "attributes": {
            "gateway_id": "",
            "id": "rtbassoc-02c0514bb47902ff1",
            "route_table_id": "rtb-0909ac770f55111a3",
            "subnet_id": "subnet-01ad11e641d22f98f"
          },
          "sensitive_attributes": [],
          "private": "bnVsbA==",
          "dependencies": [
            "module.nphc_vpc.aws_route_table.public",
            "module.nphc_vpc.aws_subnet.public",
            "module.nphc_vpc.aws_vpc.main",
            "module.nphc_vpc.data.aws_availability_zones.all"
          ]
        }
      ]
    },
    {
      "module": "module.nphc_vpc",
      "mode": "managed",
      "type": "aws_security_group",
      "name": "allow_all_traffic",
      "provider": "provider[\"registry.terraform.io/hashicorp/aws\"]",
      "instances": [
        {
          "schema_version": 1,
          "attributes": {
            "arn": "arn:aws:ec2:ap-southeast-1:832547021231:security-group/sg-011bf57debe4827a9",
            "description": "Allow TLS inbound traffic",
            "egress": [
              {
                "cidr_blocks": [
                  "0.0.0.0/0"
                ],
                "description": "",
                "from_port": 0,
                "ipv6_cidr_blocks": [
                  "::/0"
                ],
                "prefix_list_ids": [],
                "protocol": "-1",
                "security_groups": [],
                "self": false,
                "to_port": 0
              }
            ],
            "id": "sg-011bf57debe4827a9",
            "ingress": [
              {
                "cidr_blocks": [
                  "0.0.0.0/0"
                ],
                "description": "TLS from VPC",
                "from_port": 443,
                "ipv6_cidr_blocks": [
                  "::/0"
                ],
                "prefix_list_ids": [],
                "protocol": "tcp",
                "security_groups": [],
                "self": false,
                "to_port": 443
              },
              {
                "cidr_blocks": [
                  "0.0.0.0/0"
                ],
                "description": "TLS from VPC",
                "from_port": 80,
                "ipv6_cidr_blocks": [
                  "::/0"
                ],
                "prefix_list_ids": [],
                "protocol": "tcp",
                "security_groups": [],
                "self": false,
                "to_port": 80
              }
            ],
            "name": "allow_all_traffic",
            "name_prefix": "",
            "owner_id": "832547021231",
            "revoke_rules_on_delete": false,
            "tags": {
              "Name": "allow_all_tls"
            },
            "tags_all": {
              "Name": "allow_all_tls"
            },
            "timeouts": null,
            "vpc_id": "vpc-0104840f41aa5cf67"
          },
          "sensitive_attributes": [],
          "private": "eyJlMmJmYjczMC1lY2FhLTExZTYtOGY4OC0zNDM2M2JjN2M0YzAiOnsiY3JlYXRlIjo2MDAwMDAwMDAwMDAsImRlbGV0ZSI6OTAwMDAwMDAwMDAwfSwic2NoZW1hX3ZlcnNpb24iOiIxIn0=",
          "dependencies": [
            "module.nphc_vpc.aws_vpc.main"
          ],
          "create_before_destroy": true
        }
      ]
    },
    {
      "module": "module.nphc_vpc",
      "mode": "managed",
      "type": "aws_subnet",
      "name": "private",
      "provider": "provider[\"registry.terraform.io/hashicorp/aws\"]",
      "instances": [
        {
          "index_key": 0,
          "schema_version": 1,
          "attributes": {
            "arn": "arn:aws:ec2:ap-southeast-1:832547021231:subnet/subnet-0370e2c001b6739dd",
            "assign_ipv6_address_on_creation": false,
            "availability_zone": "ap-southeast-1a",
            "availability_zone_id": "apse1-az2",
            "cidr_block": "10.0.0.0/20",
            "customer_owned_ipv4_pool": "",
            "enable_dns64": false,
            "enable_resource_name_dns_a_record_on_launch": false,
            "enable_resource_name_dns_aaaa_record_on_launch": false,
            "id": "subnet-0370e2c001b6739dd",
            "ipv6_cidr_block": "",
            "ipv6_cidr_block_association_id": "",
            "ipv6_native": false,
            "map_customer_owned_ip_on_launch": false,
            "map_public_ip_on_launch": false,
            "outpost_arn": "",
            "owner_id": "832547021231",
            "private_dns_hostname_type_on_launch": "ip-name",
            "tags": {
              "Name": "vpc_ap-southeast-1a_private",
              "managed_by": "terraform",
              "service": "networking",
              "subnet": "private"
            },
            "tags_all": {
              "Name": "vpc_ap-southeast-1a_private",
              "managed_by": "terraform",
              "service": "networking",
              "subnet": "private"
            },
            "timeouts": null,
            "vpc_id": "vpc-0104840f41aa5cf67"
          },
          "sensitive_attributes": [],
          "private": "eyJlMmJmYjczMC1lY2FhLTExZTYtOGY4OC0zNDM2M2JjN2M0YzAiOnsiY3JlYXRlIjo2MDAwMDAwMDAwMDAsImRlbGV0ZSI6MTIwMDAwMDAwMDAwMH0sInNjaGVtYV92ZXJzaW9uIjoiMSJ9",
          "dependencies": [
            "module.nphc_vpc.aws_vpc.main",
            "module.nphc_vpc.data.aws_availability_zones.all"
          ],
          "create_before_destroy": true
        },
        {
          "index_key": 1,
          "schema_version": 1,
          "attributes": {
            "arn": "arn:aws:ec2:ap-southeast-1:832547021231:subnet/subnet-04a0eda8a9265d7f4",
            "assign_ipv6_address_on_creation": false,
            "availability_zone": "ap-southeast-1b",
            "availability_zone_id": "apse1-az1",
            "cidr_block": "10.0.16.0/20",
            "customer_owned_ipv4_pool": "",
            "enable_dns64": false,
            "enable_resource_name_dns_a_record_on_launch": false,
            "enable_resource_name_dns_aaaa_record_on_launch": false,
            "id": "subnet-04a0eda8a9265d7f4",
            "ipv6_cidr_block": "",
            "ipv6_cidr_block_association_id": "",
            "ipv6_native": false,
            "map_customer_owned_ip_on_launch": false,
            "map_public_ip_on_launch": false,
            "outpost_arn": "",
            "owner_id": "832547021231",
            "private_dns_hostname_type_on_launch": "ip-name",
            "tags": {
              "Name": "vpc_ap-southeast-1b_private",
              "managed_by": "terraform",
              "service": "networking",
              "subnet": "private"
            },
            "tags_all": {
              "Name": "vpc_ap-southeast-1b_private",
              "managed_by": "terraform",
              "service": "networking",
              "subnet": "private"
            },
            "timeouts": null,
            "vpc_id": "vpc-0104840f41aa5cf67"
          },
          "sensitive_attributes": [],
          "private": "eyJlMmJmYjczMC1lY2FhLTExZTYtOGY4OC0zNDM2M2JjN2M0YzAiOnsiY3JlYXRlIjo2MDAwMDAwMDAwMDAsImRlbGV0ZSI6MTIwMDAwMDAwMDAwMH0sInNjaGVtYV92ZXJzaW9uIjoiMSJ9",
          "dependencies": [
            "module.nphc_vpc.aws_vpc.main",
            "module.nphc_vpc.data.aws_availability_zones.all"
          ],
          "create_before_destroy": true
        },
        {
          "index_key": 2,
          "schema_version": 1,
          "attributes": {
            "arn": "arn:aws:ec2:ap-southeast-1:832547021231:subnet/subnet-074827ae03e78f4ce",
            "assign_ipv6_address_on_creation": false,
            "availability_zone": "ap-southeast-1c",
            "availability_zone_id": "apse1-az3",
            "cidr_block": "10.0.32.0/20",
            "customer_owned_ipv4_pool": "",
            "enable_dns64": false,
            "enable_resource_name_dns_a_record_on_launch": false,
            "enable_resource_name_dns_aaaa_record_on_launch": false,
            "id": "subnet-074827ae03e78f4ce",
            "ipv6_cidr_block": "",
            "ipv6_cidr_block_association_id": "",
            "ipv6_native": false,
            "map_customer_owned_ip_on_launch": false,
            "map_public_ip_on_launch": false,
            "outpost_arn": "",
            "owner_id": "832547021231",
            "private_dns_hostname_type_on_launch": "ip-name",
            "tags": {
              "Name": "vpc_ap-southeast-1c_private",
              "managed_by": "terraform",
              "service": "networking",
              "subnet": "private"
            },
            "tags_all": {
              "Name": "vpc_ap-southeast-1c_private",
              "managed_by": "terraform",
              "service": "networking",
              "subnet": "private"
            },
            "timeouts": null,
            "vpc_id": "vpc-0104840f41aa5cf67"
          },
          "sensitive_attributes": [],
          "private": "eyJlMmJmYjczMC1lY2FhLTExZTYtOGY4OC0zNDM2M2JjN2M0YzAiOnsiY3JlYXRlIjo2MDAwMDAwMDAwMDAsImRlbGV0ZSI6MTIwMDAwMDAwMDAwMH0sInNjaGVtYV92ZXJzaW9uIjoiMSJ9",
          "dependencies": [
            "module.nphc_vpc.aws_vpc.main",
            "module.nphc_vpc.data.aws_availability_zones.all"
          ],
          "create_before_destroy": true
        }
      ]
    },
    {
      "module": "module.nphc_vpc",
      "mode": "managed",
      "type": "aws_subnet",
      "name": "public",
      "provider": "provider[\"registry.terraform.io/hashicorp/aws\"]",
      "instances": [
        {
          "index_key": 0,
          "schema_version": 1,
          "attributes": {
            "arn": "arn:aws:ec2:ap-southeast-1:832547021231:subnet/subnet-0e258deed72f1455c",
            "assign_ipv6_address_on_creation": false,
            "availability_zone": "ap-southeast-1a",
            "availability_zone_id": "apse1-az2",
            "cidr_block": "10.0.48.0/20",
            "customer_owned_ipv4_pool": "",
            "enable_dns64": false,
            "enable_resource_name_dns_a_record_on_launch": false,
            "enable_resource_name_dns_aaaa_record_on_launch": false,
            "id": "subnet-0e258deed72f1455c",
            "ipv6_cidr_block": "",
            "ipv6_cidr_block_association_id": "",
            "ipv6_native": false,
            "map_customer_owned_ip_on_launch": false,
            "map_public_ip_on_launch": true,
            "outpost_arn": "",
            "owner_id": "832547021231",
            "private_dns_hostname_type_on_launch": "ip-name",
            "tags": {
              "Name": "vpc_ap-southeast-1a_public",
              "managed_by": "terraform",
              "service": "networking",
              "subnet": "public"
            },
            "tags_all": {
              "Name": "vpc_ap-southeast-1a_public",
              "managed_by": "terraform",
              "service": "networking",
              "subnet": "public"
            },
            "timeouts": null,
            "vpc_id": "vpc-0104840f41aa5cf67"
          },
          "sensitive_attributes": [],
          "private": "eyJlMmJmYjczMC1lY2FhLTExZTYtOGY4OC0zNDM2M2JjN2M0YzAiOnsiY3JlYXRlIjo2MDAwMDAwMDAwMDAsImRlbGV0ZSI6MTIwMDAwMDAwMDAwMH0sInNjaGVtYV92ZXJzaW9uIjoiMSJ9",
          "dependencies": [
            "module.nphc_vpc.aws_vpc.main",
            "module.nphc_vpc.data.aws_availability_zones.all"
          ]
        },
        {
          "index_key": 1,
          "schema_version": 1,
          "attributes": {
            "arn": "arn:aws:ec2:ap-southeast-1:832547021231:subnet/subnet-0b13053cbc7551369",
            "assign_ipv6_address_on_creation": false,
            "availability_zone": "ap-southeast-1b",
            "availability_zone_id": "apse1-az1",
            "cidr_block": "10.0.64.0/20",
            "customer_owned_ipv4_pool": "",
            "enable_dns64": false,
            "enable_resource_name_dns_a_record_on_launch": false,
            "enable_resource_name_dns_aaaa_record_on_launch": false,
            "id": "subnet-0b13053cbc7551369",
            "ipv6_cidr_block": "",
            "ipv6_cidr_block_association_id": "",
            "ipv6_native": false,
            "map_customer_owned_ip_on_launch": false,
            "map_public_ip_on_launch": true,
            "outpost_arn": "",
            "owner_id": "832547021231",
            "private_dns_hostname_type_on_launch": "ip-name",
            "tags": {
              "Name": "vpc_ap-southeast-1b_public",
              "managed_by": "terraform",
              "service": "networking",
              "subnet": "public"
            },
            "tags_all": {
              "Name": "vpc_ap-southeast-1b_public",
              "managed_by": "terraform",
              "service": "networking",
              "subnet": "public"
            },
            "timeouts": null,
            "vpc_id": "vpc-0104840f41aa5cf67"
          },
          "sensitive_attributes": [],
          "private": "eyJlMmJmYjczMC1lY2FhLTExZTYtOGY4OC0zNDM2M2JjN2M0YzAiOnsiY3JlYXRlIjo2MDAwMDAwMDAwMDAsImRlbGV0ZSI6MTIwMDAwMDAwMDAwMH0sInNjaGVtYV92ZXJzaW9uIjoiMSJ9",
          "dependencies": [
            "module.nphc_vpc.aws_vpc.main",
            "module.nphc_vpc.data.aws_availability_zones.all"
          ]
        },
        {
          "index_key": 2,
          "schema_version": 1,
          "attributes": {
            "arn": "arn:aws:ec2:ap-southeast-1:832547021231:subnet/subnet-01ad11e641d22f98f",
            "assign_ipv6_address_on_creation": false,
            "availability_zone": "ap-southeast-1c",
            "availability_zone_id": "apse1-az3",
            "cidr_block": "10.0.80.0/20",
            "customer_owned_ipv4_pool": "",
            "enable_dns64": false,
            "enable_resource_name_dns_a_record_on_launch": false,
            "enable_resource_name_dns_aaaa_record_on_launch": false,
            "id": "subnet-01ad11e641d22f98f",
            "ipv6_cidr_block": "",
            "ipv6_cidr_block_association_id": "",
            "ipv6_native": false,
            "map_customer_owned_ip_on_launch": false,
            "map_public_ip_on_launch": true,
            "outpost_arn": "",
            "owner_id": "832547021231",
            "private_dns_hostname_type_on_launch": "ip-name",
            "tags": {
              "Name": "vpc_ap-southeast-1c_public",
              "managed_by": "terraform",
              "service": "networking",
              "subnet": "public"
            },
            "tags_all": {
              "Name": "vpc_ap-southeast-1c_public",
              "managed_by": "terraform",
              "service": "networking",
              "subnet": "public"
            },
            "timeouts": null,
            "vpc_id": "vpc-0104840f41aa5cf67"
          },
          "sensitive_attributes": [],
          "private": "eyJlMmJmYjczMC1lY2FhLTExZTYtOGY4OC0zNDM2M2JjN2M0YzAiOnsiY3JlYXRlIjo2MDAwMDAwMDAwMDAsImRlbGV0ZSI6MTIwMDAwMDAwMDAwMH0sInNjaGVtYV92ZXJzaW9uIjoiMSJ9",
          "dependencies": [
            "module.nphc_vpc.aws_vpc.main",
            "module.nphc_vpc.data.aws_availability_zones.all"
          ]
        }
      ]
    },
    {
      "module": "module.nphc_vpc",
      "mode": "managed",
      "type": "aws_vpc",
      "name": "main",
      "provider": "provider[\"registry.terraform.io/hashicorp/aws\"]",
      "instances": [
        {
          "schema_version": 1,
          "attributes": {
            "arn": "arn:aws:ec2:ap-southeast-1:832547021231:vpc/vpc-0104840f41aa5cf67",
            "assign_generated_ipv6_cidr_block": false,
            "cidr_block": "10.0.0.0/16",
            "default_network_acl_id": "acl-081bdc12211df552d",
            "default_route_table_id": "rtb-09bbe8a75ce9dbef2",
            "default_security_group_id": "sg-00ebf475b2dec6eb3",
            "dhcp_options_id": "dopt-031a11f6c6dbec948",
            "enable_classiclink": false,
            "enable_classiclink_dns_support": false,
            "enable_dns_hostnames": false,
            "enable_dns_support": true,
            "enable_network_address_usage_metrics": false,
            "id": "vpc-0104840f41aa5cf67",
            "instance_tenancy": "default",
            "ipv4_ipam_pool_id": null,
            "ipv4_netmask_length": null,
            "ipv6_association_id": "",
            "ipv6_cidr_block": "",
            "ipv6_cidr_block_network_border_group": "",
            "ipv6_ipam_pool_id": "",
            "ipv6_netmask_length": 0,
            "main_route_table_id": "rtb-09bbe8a75ce9dbef2",
            "owner_id": "832547021231",
            "tags": {
              "Name": "vpc",
              "managed_by": "terraform",
              "service": "networking"
            },
            "tags_all": {
              "Name": "vpc",
              "managed_by": "terraform",
              "service": "networking"
            }
          },
          "sensitive_attributes": [],
          "private": "eyJzY2hlbWFfdmVyc2lvbiI6IjEifQ==",
          "create_before_destroy": true
        }
      ]
    }
  ]
}
